// !$*UTF8*$!
{
	archiveVersion = 1;
	classes = {
	};
	objectVersion = 46;
	objects = {

/* Begin PBXBuildFile section */
		B73D10A51C3C51B700E82BE2 /* Fabric.framework in Frameworks */ = {isa = PBXBuildFile; fileRef = B73D10A11C3C51B700E82BE2 /* Fabric.framework */; };
		B73D10A61C3C51B700E82BE2 /* TwitterKit.framework in Frameworks */ = {isa = PBXBuildFile; fileRef = B73D10A21C3C51B700E82BE2 /* TwitterKit.framework */; };
		B73D10A71C3C51B700E82BE2 /* TwitterKitResources.bundle in Resources */ = {isa = PBXBuildFile; fileRef = B73D10A31C3C51B700E82BE2 /* TwitterKitResources.bundle */; };
		B73D10A81C3C51B700E82BE2 /* TwitterCore.framework in Frameworks */ = {isa = PBXBuildFile; fileRef = B73D10A41C3C51B700E82BE2 /* TwitterCore.framework */; };
		B7D37B6E1C18C7B400622197 /* AppDelegate.swift in Sources */ = {isa = PBXBuildFile; fileRef = B7D37B6D1C18C7B400622197 /* AppDelegate.swift */; };
		B7D37B701C18C7B400622197 /* ViewController.swift in Sources */ = {isa = PBXBuildFile; fileRef = B7D37B6F1C18C7B400622197 /* ViewController.swift */; };
		B7D37B731C18C7B400622197 /* Main.storyboard in Resources */ = {isa = PBXBuildFile; fileRef = B7D37B711C18C7B400622197 /* Main.storyboard */; };
		B7D37B751C18C7B400622197 /* Assets.xcassets in Resources */ = {isa = PBXBuildFile; fileRef = B7D37B741C18C7B400622197 /* Assets.xcassets */; };
		B7D37B781C18C7B400622197 /* LaunchScreen.storyboard in Resources */ = {isa = PBXBuildFile; fileRef = B7D37B761C18C7B400622197 /* LaunchScreen.storyboard */; };
		B7D37B831C18C7B400622197 /* usd230CommTests.swift in Sources */ = {isa = PBXBuildFile; fileRef = B7D37B821C18C7B400622197 /* usd230CommTests.swift */; };
/* End PBXBuildFile section */

/* Begin PBXContainerItemProxy section */
		B7D37B7F1C18C7B400622197 /* PBXContainerItemProxy */ = {
			isa = PBXContainerItemProxy;
			containerPortal = B7D37B621C18C7B300622197 /* Project object */;
			proxyType = 1;
			remoteGlobalIDString = B7D37B691C18C7B400622197;
			remoteInfo = usd230Comm;
		};
/* End PBXContainerItemProxy section */

/* Begin PBXFileReference section */
		B73D10A11C3C51B700E82BE2 /* Fabric.framework */ = {isa = PBXFileReference; lastKnownFileType = wrapper.framework; path = Fabric.framework; sourceTree = "<group>"; };
		B73D10A21C3C51B700E82BE2 /* TwitterKit.framework */ = {isa = PBXFileReference; lastKnownFileType = wrapper.framework; path = TwitterKit.framework; sourceTree = "<group>"; };
		B73D10A31C3C51B700E82BE2 /* TwitterKitResources.bundle */ = {isa = PBXFileReference; lastKnownFileType = "wrapper.plug-in"; name = TwitterKitResources.bundle; path = TwitterKit.framework/Versions/A/Resources/TwitterKitResources.bundle; sourceTree = "<group>"; };
		B73D10A41C3C51B700E82BE2 /* TwitterCore.framework */ = {isa = PBXFileReference; lastKnownFileType = wrapper.framework; path = TwitterCore.framework; sourceTree = "<group>"; };
		B7D37B6A1C18C7B400622197 /* usd230Comm.app */ = {isa = PBXFileReference; explicitFileType = wrapper.application; includeInIndex = 0; path = usd230Comm.app; sourceTree = BUILT_PRODUCTS_DIR; };
		B7D37B6D1C18C7B400622197 /* AppDelegate.swift */ = {isa = PBXFileReference; lastKnownFileType = sourcecode.swift; path = AppDelegate.swift; sourceTree = "<group>"; };
		B7D37B6F1C18C7B400622197 /* ViewController.swift */ = {isa = PBXFileReference; lastKnownFileType = sourcecode.swift; path = ViewController.swift; sourceTree = "<group>"; };
		B7D37B721C18C7B400622197 /* Base */ = {isa = PBXFileReference; lastKnownFileType = file.storyboard; name = Base; path = Base.lproj/Main.storyboard; sourceTree = "<group>"; };
		B7D37B741C18C7B400622197 /* Assets.xcassets */ = {isa = PBXFileReference; lastKnownFileType = folder.assetcatalog; path = Assets.xcassets; sourceTree = "<group>"; };
		B7D37B771C18C7B400622197 /* Base */ = {isa = PBXFileReference; lastKnownFileType = file.storyboard; name = Base; path = Base.lproj/LaunchScreen.storyboard; sourceTree = "<group>"; };
		B7D37B791C18C7B400622197 /* Info.plist */ = {isa = PBXFileReference; lastKnownFileType = text.plist.xml; path = Info.plist; sourceTree = "<group>"; };
		B7D37B7E1C18C7B400622197 /* usd230CommTests.xctest */ = {isa = PBXFileReference; explicitFileType = wrapper.cfbundle; includeInIndex = 0; path = usd230CommTests.xctest; sourceTree = BUILT_PRODUCTS_DIR; };
		B7D37B821C18C7B400622197 /* usd230CommTests.swift */ = {isa = PBXFileReference; lastKnownFileType = sourcecode.swift; path = usd230CommTests.swift; sourceTree = "<group>"; };
		B7D37B841C18C7B400622197 /* Info.plist */ = {isa = PBXFileReference; lastKnownFileType = text.plist.xml; path = Info.plist; sourceTree = "<group>"; };
/* End PBXFileReference section */

/* Begin PBXFrameworksBuildPhase section */
		B7D37B671C18C7B400622197 /* Frameworks */ = {
			isa = PBXFrameworksBuildPhase;
			buildActionMask = 2147483647;
			files = (
				B73D10A51C3C51B700E82BE2 /* Fabric.framework in Frameworks */,
				B73D10A81C3C51B700E82BE2 /* TwitterCore.framework in Frameworks */,
				B73D10A61C3C51B700E82BE2 /* TwitterKit.framework in Frameworks */,
			);
			runOnlyForDeploymentPostprocessing = 0;
		};
		B7D37B7B1C18C7B400622197 /* Frameworks */ = {
			isa = PBXFrameworksBuildPhase;
			buildActionMask = 2147483647;
			files = (
			);
			runOnlyForDeploymentPostprocessing = 0;
		};
/* End PBXFrameworksBuildPhase section */

/* Begin PBXGroup section */
		B7D37B611C18C7B300622197 = {
			isa = PBXGroup;
			children = (
				B7D37B6C1C18C7B400622197 /* usd230Comm */,
				B7D37B811C18C7B400622197 /* usd230CommTests */,
				B7D37B6B1C18C7B400622197 /* Products */,
				B73D10A11C3C51B700E82BE2 /* Fabric.framework */,
				B73D10A21C3C51B700E82BE2 /* TwitterKit.framework */,
				B73D10A31C3C51B700E82BE2 /* TwitterKitResources.bundle */,
				B73D10A41C3C51B700E82BE2 /* TwitterCore.framework */,
			);
			sourceTree = "<group>";
		};
		B7D37B6B1C18C7B400622197 /* Products */ = {
			isa = PBXGroup;
			children = (
				B7D37B6A1C18C7B400622197 /* usd230Comm.app */,
				B7D37B7E1C18C7B400622197 /* usd230CommTests.xctest */,
			);
			name = Products;
			sourceTree = "<group>";
		};
		B7D37B6C1C18C7B400622197 /* usd230Comm */ = {
			isa = PBXGroup;
			children = (
				B7D37B6D1C18C7B400622197 /* AppDelegate.swift */,
				B7D37B6F1C18C7B400622197 /* ViewController.swift */,
				B7D37B711C18C7B400622197 /* Main.storyboard */,
				B7D37B741C18C7B400622197 /* Assets.xcassets */,
				B7D37B761C18C7B400622197 /* LaunchScreen.storyboard */,
				B7D37B791C18C7B400622197 /* Info.plist */,
			);
			path = usd230Comm;
			sourceTree = "<group>";
		};
		B7D37B811C18C7B400622197 /* usd230CommTests */ = {
			isa = PBXGroup;
			children = (
				B7D37B821C18C7B400622197 /* usd230CommTests.swift */,
				B7D37B841C18C7B400622197 /* Info.plist */,
			);
			path = usd230CommTests;
			sourceTree = "<group>";
		};
/* End PBXGroup section */

/* Begin PBXNativeTarget section */
		B7D37B691C18C7B400622197 /* usd230Comm */ = {
			isa = PBXNativeTarget;
			buildConfigurationList = B7D37B871C18C7B400622197 /* Build configuration list for PBXNativeTarget "usd230Comm" */;
			buildPhases = (
				B7D37B661C18C7B400622197 /* Sources */,
				B7D37B671C18C7B400622197 /* Frameworks */,
				B7D37B681C18C7B400622197 /* Resources */,
				B73D10A01C3C513E00E82BE2 /* ShellScript */,
			);
			buildRules = (
			);
			dependencies = (
			);
			name = usd230Comm;
			productName = usd230Comm;
			productReference = B7D37B6A1C18C7B400622197 /* usd230Comm.app */;
			productType = "com.apple.product-type.application";
		};
		B7D37B7D1C18C7B400622197 /* usd230CommTests */ = {
			isa = PBXNativeTarget;
			buildConfigurationList = B7D37B8A1C18C7B400622197 /* Build configuration list for PBXNativeTarget "usd230CommTests" */;
			buildPhases = (
				B7D37B7A1C18C7B400622197 /* Sources */,
				B7D37B7B1C18C7B400622197 /* Frameworks */,
				B7D37B7C1C18C7B400622197 /* Resources */,
			);
			buildRules = (
			);
			dependencies = (
				B7D37B801C18C7B400622197 /* PBXTargetDependency */,
			);
			name = usd230CommTests;
			productName = usd230CommTests;
			productReference = B7D37B7E1C18C7B400622197 /* usd230CommTests.xctest */;
			productType = "com.apple.product-type.bundle.unit-test";
		};
/* End PBXNativeTarget section */

/* Begin PBXProject section */
		B7D37B621C18C7B300622197 /* Project object */ = {
			isa = PBXProject;
			attributes = {
				LastSwiftUpdateCheck = 0710;
				LastUpgradeCheck = 0710;
				ORGANIZATIONNAME = USD230IT;
				TargetAttributes = {
					B7D37B691C18C7B400622197 = {
						CreatedOnToolsVersion = 7.1.1;
						DevelopmentTeam = ZT3EERHQW7;
					};
					B7D37B7D1C18C7B400622197 = {
						CreatedOnToolsVersion = 7.1.1;
						TestTargetID = B7D37B691C18C7B400622197;
					};
				};
			};
			buildConfigurationList = B7D37B651C18C7B300622197 /* Build configuration list for PBXProject "usd230Comm" */;
			compatibilityVersion = "Xcode 3.2";
			developmentRegion = English;
			hasScannedForEncodings = 0;
			knownRegions = (
				en,
				Base,
			);
			mainGroup = B7D37B611C18C7B300622197;
			productRefGroup = B7D37B6B1C18C7B400622197 /* Products */;
			projectDirPath = "";
			projectRoot = "";
			targets = (
				B7D37B691C18C7B400622197 /* usd230Comm */,
				B7D37B7D1C18C7B400622197 /* usd230CommTests */,
			);
		};
/* End PBXProject section */

/* Begin PBXResourcesBuildPhase section */
		B7D37B681C18C7B400622197 /* Resources */ = {
			isa = PBXResourcesBuildPhase;
			buildActionMask = 2147483647;
			files = (
				B73D10A71C3C51B700E82BE2 /* TwitterKitResources.bundle in Resources */,
				B7D37B781C18C7B400622197 /* LaunchScreen.storyboard in Resources */,
				B7D37B751C18C7B400622197 /* Assets.xcassets in Resources */,
				B7D37B731C18C7B400622197 /* Main.storyboard in Resources */,
			);
			runOnlyForDeploymentPostprocessing = 0;
		};
		B7D37B7C1C18C7B400622197 /* Resources */ = {
			isa = PBXResourcesBuildPhase;
			buildActionMask = 2147483647;
			files = (
			);
			runOnlyForDeploymentPostprocessing = 0;
		};
/* End PBXResourcesBuildPhase section */

/* Begin PBXShellScriptBuildPhase section */
		B73D10A01C3C513E00E82BE2 /* ShellScript */ = {
			isa = PBXShellScriptBuildPhase;
			buildActionMask = 2147483647;
			files = (
			);
			inputPaths = (
			);
			outputPaths = (
			);
			runOnlyForDeploymentPostprocessing = 0;
			shellPath = /bin/sh;
			shellScript = "./Fabric.framework/run a497efe05197d7836d9cc8cac5968c9264fb5f9b 253a2b615ebd4c2f24c39ae70a42b7f7221d2b7e4beaa682814d0b511f8f7388";
		};
/* End PBXShellScriptBuildPhase section */

/* Begin PBXSourcesBuildPhase section */
		B7D37B661C18C7B400622197 /* Sources */ = {
			isa = PBXSourcesBuildPhase;
			buildActionMask = 2147483647;
			files = (
				B7D37B701C18C7B400622197 /* ViewController.swift in Sources */,
				B7D37B6E1C18C7B400622197 /* AppDelegate.swift in Sources */,
			);
			runOnlyForDeploymentPostprocessing = 0;
		};
		B7D37B7A1C18C7B400622197 /* Sources */ = {
			isa = PBXSourcesBuildPhase;
			buildActionMask = 2147483647;
			files = (
				B7D37B831C18C7B400622197 /* usd230CommTests.swift in Sources */,
			);
			runOnlyForDeploymentPostprocessing = 0;
		};
/* End PBXSourcesBuildPhase section */

/* Begin PBXTargetDependency section */
		B7D37B801C18C7B400622197 /* PBXTargetDependency */ = {
			isa = PBXTargetDependency;
			target = B7D37B691C18C7B400622197 /* usd230Comm */;
			targetProxy = B7D37B7F1C18C7B400622197 /* PBXContainerItemProxy */;
		};
/* End PBXTargetDependency section */

/* Begin PBXVariantGroup section */
		B7D37B711C18C7B400622197 /* Main.storyboard */ = {
			isa = PBXVariantGroup;
			children = (
				B7D37B721C18C7B400622197 /* Base */,
			);
			name = Main.storyboard;
			sourceTree = "<group>";
		};
		B7D37B761C18C7B400622197 /* LaunchScreen.storyboard */ = {
			isa = PBXVariantGroup;
			children = (
				B7D37B771C18C7B400622197 /* Base */,
			);
			name = LaunchScreen.storyboard;
			sourceTree = "<group>";
		};
/* End PBXVariantGroup section */

/* Begin XCBuildConfiguration section */
		B7D37B851C18C7B400622197 /* Debug */ = {
			isa = XCBuildConfiguration;
			buildSettings = {
				ALWAYS_SEARCH_USER_PATHS = NO;
				CLANG_CXX_LANGUAGE_STANDARD = "gnu++0x";
				CLANG_CXX_LIBRARY = "libc++";
				CLANG_ENABLE_MODULES = YES;
				CLANG_ENABLE_OBJC_ARC = YES;
				CLANG_WARN_BOOL_CONVERSION = YES;
				CLANG_WARN_CONSTANT_CONVERSION = YES;
				CLANG_WARN_DIRECT_OBJC_ISA_USAGE = YES_ERROR;
				CLANG_WARN_EMPTY_BODY = YES;
				CLANG_WARN_ENUM_CONVERSION = YES;
				CLANG_WARN_INT_CONVERSION = YES;
				CLANG_WARN_OBJC_ROOT_CLASS = YES_ERROR;
				CLANG_WARN_UNREACHABLE_CODE = YES;
				CLANG_WARN__DUPLICATE_METHOD_MATCH = YES;
				"CODE_SIGN_IDENTITY[sdk=iphoneos*]" = "iPhone Developer";
				COPY_PHASE_STRIP = NO;
				DEBUG_INFORMATION_FORMAT = dwarf;
				ENABLE_STRICT_OBJC_MSGSEND = YES;
				ENABLE_TESTABILITY = YES;
				GCC_C_LANGUAGE_STANDARD = gnu99;
				GCC_DYNAMIC_NO_PIC = NO;
				GCC_NO_COMMON_BLOCKS = YES;
				GCC_OPTIMIZATION_LEVEL = 0;
				GCC_PREPROCESSOR_DEFINITIONS = (
					"DEBUG=1",
					"$(inherited)",
				);
				GCC_WARN_64_TO_32_BIT_CONVERSION = YES;
				GCC_WARN_ABOUT_RETURN_TYPE = YES_ERROR;
				GCC_WARN_UNDECLARED_SELECTOR = YES;
				GCC_WARN_UNINITIALIZED_AUTOS = YES_AGGRESSIVE;
				GCC_WARN_UNUSED_FUNCTION = YES;
				GCC_WARN_UNUSED_VARIABLE = YES;
				IPHONEOS_DEPLOYMENT_TARGET = 9.1;
				MTL_ENABLE_DEBUG_INFO = YES;
				ONLY_ACTIVE_ARCH = YES;
				SDKROOT = iphoneos;
				SWIFT_OPTIMIZATION_LEVEL = "-Onone";
				TARGETED_DEVICE_FAMILY = "1,2";
			};
			name = Debug;
		};
		B7D37B861C18C7B400622197 /* Release */ = {
			isa = XCBuildConfiguration;
			buildSettings = {
				ALWAYS_SEARCH_USER_PATHS = NO;
				CLANG_CXX_LANGUAGE_STANDARD = "gnu++0x";
				CLANG_CXX_LIBRARY = "libc++";
				CLANG_ENABLE_MODULES = YES;
				CLANG_ENABLE_OBJC_ARC = YES;
				CLANG_WARN_BOOL_CONVERSION = YES;
				CLANG_WARN_CONSTANT_CONVERSION = YES;
				CLANG_WARN_DIRECT_OBJC_ISA_USAGE = YES_ERROR;
				CLANG_WARN_EMPTY_BODY = YES;
				CLANG_WARN_ENUM_CONVERSION = YES;
				CLANG_WARN_INT_CONVERSION = YES;
				CLANG_WARN_OBJC_ROOT_CLASS = YES_ERROR;
				CLANG_WARN_UNREACHABLE_CODE = YES;
				CLANG_WARN__DUPLICATE_METHOD_MATCH = YES;
				"CODE_SIGN_IDENTITY[sdk=iphoneos*]" = "iPhone Developer";
				COPY_PHASE_STRIP = NO;
				DEBUG_INFORMATION_FORMAT = "dwarf-with-dsym";
				ENABLE_NS_ASSERTIONS = NO;
				ENABLE_STRICT_OBJC_MSGSEND = YES;
				GCC_C_LANGUAGE_STANDARD = gnu99;
				GCC_NO_COMMON_BLOCKS = YES;
				GCC_WARN_64_TO_32_BIT_CONVERSION = YES;
				GCC_WARN_ABOUT_RETURN_TYPE = YES_ERROR;
				GCC_WARN_UNDECLARED_SELECTOR = YES;
				GCC_WARN_UNINITIALIZED_AUTOS = YES_AGGRESSIVE;
				GCC_WARN_UNUSED_FUNCTION = YES;
				GCC_WARN_UNUSED_VARIABLE = YES;
				IPHONEOS_DEPLOYMENT_TARGET = 9.1;
				MTL_ENABLE_DEBUG_INFO = NO;
				SDKROOT = iphoneos;
				TARGETED_DEVICE_FAMILY = "1,2";
				VALIDATE_PRODUCT = YES;
			};
			name = Release;
		};
		B7D37B881C18C7B400622197 /* Debug */ = {
			isa = XCBuildConfiguration;
			buildSettings = {
				ASSETCATALOG_COMPILER_APPICON_NAME = AppIcon;
				CODE_SIGN_IDENTITY = "iPhone Developer";
				"CODE_SIGN_IDENTITY[sdk=iphoneos*]" = "iPhone Developer";
				FRAMEWORK_SEARCH_PATHS = (
					"$(inherited)",
					"$(PROJECT_DIR)",
				);
				INFOPLIST_FILE = usd230Comm/Info.plist;
				IPHONEOS_DEPLOYMENT_TARGET = 8.3;
				LD_RUNPATH_SEARCH_PATHS = "$(inherited) @executable_path/Frameworks";
				PRODUCT_BUNDLE_IDENTIFIER = org.usd230.usd230CommiPad;
				PRODUCT_NAME = "$(TARGET_NAME)";
				PROVISIONING_PROFILE = "";
			};
			name = Debug;
		};
		B7D37B891C18C7B400622197 /* Release */ = {
			isa = XCBuildConfiguration;
			buildSettings = {
				ASSETCATALOG_COMPILER_APPICON_NAME = AppIcon;
				CODE_SIGN_IDENTITY = "iPhone Developer";
				"CODE_SIGN_IDENTITY[sdk=iphoneos*]" = "iPhone Developer";
				FRAMEWORK_SEARCH_PATHS = (
					"$(inherited)",
					"$(PROJECT_DIR)",
				);
				INFOPLIST_FILE = usd230Comm/Info.plist;
				IPHONEOS_DEPLOYMENT_TARGET = 8.3;
				LD_RUNPATH_SEARCH_PATHS = "$(inherited) @executable_path/Frameworks";
				PRODUCT_BUNDLE_IDENTIFIER = org.usd230.usd230CommiPad;
				PRODUCT_NAME = "$(TARGET_NAME)";
				PROVISIONING_PROFILE = "";
			};
			name = Release;
		};
		B7D37B8B1C18C7B400622197 /* Debug */ = {
			isa = XCBuildConfiguration;
			buildSettings = {
				BUNDLE_LOADER = "$(TEST_HOST)";
				INFOPLIST_FILE = usd230CommTests/Info.plist;
				LD_RUNPATH_SEARCH_PATHS = "$(inherited) @executable_path/Frameworks @loader_path/Frameworks";
				PRODUCT_BUNDLE_IDENTIFIER = org.usd230.usd230CommTests;
				PRODUCT_NAME = "$(TARGET_NAME)";
				TEST_HOST = "$(BUILT_PRODUCTS_DIR)/usd230Comm.app/usd230Comm";
			};
			name = Debug;
		};
		B7D37B8C1C18C7B400622197 /* Release */ = {
			isa = XCBuildConfiguration;
			buildSettings = {
				BUNDLE_LOADER = "$(TEST_HOST)";
				INFOPLIST_FILE = usd230CommTests/Info.plist;
				LD_RUNPATH_SEARCH_PATHS = "$(inherited) @executable_path/Frameworks @loader_path/Frameworks";
				PRODUCT_BUNDLE_IDENTIFIER = org.usd230.usd230CommTests;
				PRODUCT_NAME = "$(TARGET_NAME)";
				TEST_HOST = "$(BUILT_PRODUCTS_DIR)/usd230Comm.app/usd230Comm";
			};
			name = Release;
		};
/* End XCBuildConfiguration section */

/* Begin XCConfigurationList section */
		B7D37B651C18C7B300622197 /* Build configuration list for PBXProject "usd230Comm" */ = {
			isa = XCConfigurationList;
			buildConfigurations = (
				B7D37B851C18C7B400622197 /* Debug */,
				B7D37B861C18C7B400622197 /* Release */,
			);
			defaultConfigurationIsVisible = 0;
			defaultConfigurationName = Release;
		};
		B7D37B871C18C7B400622197 /* Build configuration list for PBXNativeTarget "usd230Comm" */ = {
			isa = XCConfigurationList;
			buildConfigurations = (
				B7D37B881C18C7B400622197 /* Debug */,
				B7D37B891C18C7B400622197 /* Release */,
			);
			defaultConfigurationIsVisible = 0;
			defaultConfigurationName = Release;
		};
		B7D37B8A1C18C7B400622197 /* Build configuration list for PBXNativeTarget "usd230CommTests" */ = {
			isa = XCConfigurationList;
			buildConfigurations = (
				B7D37B8B1C18C7B400622197 /* Debug */,
				B7D37B8C1C18C7B400622197 /* Release */,
			);
			defaultConfigurationIsVisible = 0;
			defaultConfigurationName = Release;
		};
/* End XCConfigurationList section */
	};
	rootObject = B7D37B621C18C7B300622197 /* Project object */;
}
